
Microsoft Visual Studio Solution File, Format Version 12.00
# Visual Studio Version 17
VisualStudioVersion = 17.0.31903.59
MinimumVisualStudioVersion = 10.0.40219.1
Project("{FAE04EC0-301F-11D3-BF4B-00C04F79EFBC}") = "Account.API", "Account.API\Account.API.csproj", "{47A77F4C-0B31-4527-8F69-7043850DE7D9}"
EndProject
Project("{FAE04EC0-301F-11D3-BF4B-00C04F79EFBC}") = "Account.Application", "Account.Application\Account.Application.csproj", "{45DF8CCA-D168-4A9E-A188-30D493684CE2}"
EndProject
Project("{FAE04EC0-301F-11D3-BF4B-00C04F79EFBC}") = "Account.Domain", "Account.Domain\Account.Domain.csproj", "{7A72D9F9-5F0A-443C-8426-29951CB1F8C3}"
EndProject
Project("{FAE04EC0-301F-11D3-BF4B-00C04F79EFBC}") = "Account.Infrastructure", "Account.Infrastructure\Account.Infrastructure.csproj", "{37B01104-BC68-491A-9AE0-562835FC9A4B}"
EndProject
Global
	GlobalSection(SolutionConfigurationPlatforms) = preSolution
		Debug|Any CPU = Debug|Any CPU
		Release|Any CPU = Release|Any CPU
	EndGlobalSection
	GlobalSection(SolutionProperties) = preSolution
		HideSolutionNode = FALSE
	EndGlobalSection
	GlobalSection(ProjectConfigurationPlatforms) = postSolution
		{47A77F4C-0B31-4527-8F69-7043850DE7D9}.Debug|Any CPU.ActiveCfg = Debug|Any CPU
		{47A77F4C-0B31-4527-8F69-7043850DE7D9}.Debug|Any CPU.Build.0 = Debug|Any CPU
		{47A77F4C-0B31-4527-8F69-7043850DE7D9}.Release|Any CPU.ActiveCfg = Release|Any CPU
		{47A77F4C-0B31-4527-8F69-7043850DE7D9}.Release|Any CPU.Build.0 = Release|Any CPU
		{45DF8CCA-D168-4A9E-A188-30D493684CE2}.Debug|Any CPU.ActiveCfg = Debug|Any CPU
		{45DF8CCA-D168-4A9E-A188-30D493684CE2}.Debug|Any CPU.Build.0 = Debug|Any CPU
		{45DF8CCA-D168-4A9E-A188-30D493684CE2}.Release|Any CPU.ActiveCfg = Release|Any CPU
		{45DF8CCA-D168-4A9E-A188-30D493684CE2}.Release|Any CPU.Build.0 = Release|Any CPU
		{7A72D9F9-5F0A-443C-8426-29951CB1F8C3}.Debug|Any CPU.ActiveCfg = Debug|Any CPU
		{7A72D9F9-5F0A-443C-8426-29951CB1F8C3}.Debug|Any CPU.Build.0 = Debug|Any CPU
		{7A72D9F9-5F0A-443C-8426-29951CB1F8C3}.Release|Any CPU.ActiveCfg = Release|Any CPU
		{7A72D9F9-5F0A-443C-8426-29951CB1F8C3}.Release|Any CPU.Build.0 = Release|Any CPU
		{37B01104-BC68-491A-9AE0-562835FC9A4B}.Debug|Any CPU.ActiveCfg = Debug|Any CPU
		{37B01104-BC68-491A-9AE0-562835FC9A4B}.Debug|Any CPU.Build.0 = Debug|Any CPU
		{37B01104-BC68-491A-9AE0-562835FC9A4B}.Release|Any CPU.ActiveCfg = Release|Any CPU
		{37B01104-BC68-491A-9AE0-562835FC9A4B}.Release|Any CPU.Build.0 = Release|Any CPU
	EndGlobalSection
EndGlobal
